{
  "name": "mainland-postcode-code-generator",
  "version": "1.0.0",
  "lockfileVersion": 2,
  "requires": true,
  "packages": {
    "": {
      "name": "mainland-postcode-code-generator",
      "version": "1.0.0",
      "license": "ISC",
      "dependencies": {
        "multi-integer-range": "^5.0.0"
      }
    },
    "node_modules/multi-integer-range": {
      "version": "5.0.0",
      "resolved": "https://registry.npmjs.org/multi-integer-range/-/multi-integer-range-5.0.0.tgz",
      "integrity": "sha512-4Uv1CkqQe+cEla9cMp1Gy/Aemkbt3Umf/Dc1cHwzq9BbPMC3a1ZX9LYCzjC2nCz9sqL+OqTYBeNu44o4QrbqIw=="
    }
  },
  "dependencies": {
    "multi-integer-range": {
      "version": "5.0.0",
      "resolved": "https://registry.npmjs.org/multi-integer-range/-/multi-integer-range-5.0.0.tgz",
      "integrity": "sha512-4Uv1CkqQe+cEla9cMp1Gy/Aemkbt3Umf/Dc1cHwzq9BbPMC3a1ZX9LYCzjC2nCz9sqL+OqTYBeNu44o4QrbqIw=="
    }
  }
}
